
Microsoft Visual Studio Solution File, Format Version 12.00
# Visual Studio Version 17
VisualStudioVersion = 17.0.32014.148
MinimumVisualStudioVersion = 10.0.40219.1
Project("{FAE04EC0-301F-11D3-BF4B-00C04F79EFBC}") = "CourseSystemEF.Logic", "CourseSystemEF.Logic\CourseSystemEF.Logic.csproj", "{4AA8441E-8288-4D9D-AE4C-C001A8DBDEA6}"
EndProject
Project("{FAE04EC0-301F-11D3-BF4B-00C04F79EFBC}") = "CourseSystemEF.ConApp", "CourseSystemEF.ConApp\CourseSystemEF.ConApp.csproj", "{52A7806B-DDAC-46F9-9DD2-BD4A31808FF3}"
EndProject
Global
	GlobalSection(SolutionConfigurationPlatforms) = preSolution
		Debug|Any CPU = Debug|Any CPU
		Release|Any CPU = Release|Any CPU
	EndGlobalSection
	GlobalSection(ProjectConfigurationPlatforms) = postSolution
		{4AA8441E-8288-4D9D-AE4C-C001A8DBDEA6}.Debug|Any CPU.ActiveCfg = Debug|Any CPU
		{4AA8441E-8288-4D9D-AE4C-C001A8DBDEA6}.Debug|Any CPU.Build.0 = Debug|Any CPU
		{4AA8441E-8288-4D9D-AE4C-C001A8DBDEA6}.Release|Any CPU.ActiveCfg = Release|Any CPU
		{4AA8441E-8288-4D9D-AE4C-C001A8DBDEA6}.Release|Any CPU.Build.0 = Release|Any CPU
		{52A7806B-DDAC-46F9-9DD2-BD4A31808FF3}.Debug|Any CPU.ActiveCfg = Debug|Any CPU
		{52A7806B-DDAC-46F9-9DD2-BD4A31808FF3}.Debug|Any CPU.Build.0 = Debug|Any CPU
		{52A7806B-DDAC-46F9-9DD2-BD4A31808FF3}.Release|Any CPU.ActiveCfg = Release|Any CPU
		{52A7806B-DDAC-46F9-9DD2-BD4A31808FF3}.Release|Any CPU.Build.0 = Release|Any CPU
	EndGlobalSection
	GlobalSection(SolutionProperties) = preSolution
		HideSolutionNode = FALSE
	EndGlobalSection
	GlobalSection(ExtensibilityGlobals) = postSolution
		SolutionGuid = {0144EE61-184C-4195-B8CF-DF953D3BA784}
	EndGlobalSection
EndGlobal
